
Microsoft Visual Studio Solution File, Format Version 12.00
# Visual Studio Version 16
VisualStudioVersion = 16.0.30406.217
MinimumVisualStudioVersion = 10.0.40219.1
Project("{FAE04EC0-301F-11D3-BF4B-00C04F79EFBC}") = "Hangar Control", "Scripts\Hangar Control.csproj", "{CE1AF11A-1204-41CE-A072-26096C5AE632}"
EndProject
Project("{FAE04EC0-301F-11D3-BF4B-00C04F79EFBC}") = "Airlock Control", "Airlock Control\Airlock Control.csproj", "{2A984B31-57A8-48C1-A5F3-7E9AEA1DA2BD}"
EndProject
Project("{D954291E-2A0B-460D-934E-DC6B0785DB48}") = "Shared", "Shared\Shared.shproj", "{36E7CDD6-BA1E-4255-9C58-1AF11538B628}"
EndProject
Project("{FAE04EC0-301F-11D3-BF4B-00C04F79EFBC}") = "Drill Control", "Drill Control\Drill Control.csproj", "{46E879F9-F333-4955-9B38-46FFB863F0E4}"
EndProject
Project("{FAE04EC0-301F-11D3-BF4B-00C04F79EFBC}") = "Gun Battery Control", "Gun Battery Control\Gun Battery Control.csproj", "{885DF4F4-7BA6-4CB7-91B3-B04C875FFE1A}"
EndProject
Project("{FAE04EC0-301F-11D3-BF4B-00C04F79EFBC}") = "Container Control", "Container Control\Container Control.csproj", "{8FC94B76-7A90-4A85-8F07-0EE0704CB31D}"
EndProject
Project("{FAE04EC0-301F-11D3-BF4B-00C04F79EFBC}") = "Mining Rig", "Mining Rig\Mining Rig.csproj", "{7AA36394-F172-483E-827B-23C35DA16F13}"
EndProject
Project("{FAE04EC0-301F-11D3-BF4B-00C04F79EFBC}") = "Tools", "Tools\Tools.csproj", "{B388808C-7E6A-48AA-9CD7-FD80F413AEBE}"
EndProject
Global
	GlobalSection(SharedMSBuildProjectFiles) = preSolution
		Shared\Shared.projitems*{2a984b31-57a8-48c1-a5f3-7e9aea1da2bd}*SharedItemsImports = 4
		Shared\Shared.projitems*{36e7cdd6-ba1e-4255-9c58-1af11538b628}*SharedItemsImports = 13
		Shared\Shared.projitems*{46e879f9-f333-4955-9b38-46ffb863f0e4}*SharedItemsImports = 4
		Shared\Shared.projitems*{7aa36394-f172-483e-827b-23c35da16f13}*SharedItemsImports = 4
		Shared\Shared.projitems*{885df4f4-7ba6-4cb7-91b3-b04c875ffe1a}*SharedItemsImports = 4
		Shared\Shared.projitems*{b388808c-7e6a-48aa-9cd7-fd80f413aebe}*SharedItemsImports = 4
	EndGlobalSection
	GlobalSection(SolutionConfigurationPlatforms) = preSolution
		Debug|x64 = Debug|x64
	EndGlobalSection
	GlobalSection(ProjectConfigurationPlatforms) = postSolution
		{CE1AF11A-1204-41CE-A072-26096C5AE632}.Debug|x64.ActiveCfg = Debug|x64
		{CE1AF11A-1204-41CE-A072-26096C5AE632}.Debug|x64.Build.0 = Debug|x64
		{2A984B31-57A8-48C1-A5F3-7E9AEA1DA2BD}.Debug|x64.ActiveCfg = Debug|x64
		{2A984B31-57A8-48C1-A5F3-7E9AEA1DA2BD}.Debug|x64.Build.0 = Debug|x64
		{46E879F9-F333-4955-9B38-46FFB863F0E4}.Debug|x64.ActiveCfg = Debug|x64
		{46E879F9-F333-4955-9B38-46FFB863F0E4}.Debug|x64.Build.0 = Debug|x64
		{885DF4F4-7BA6-4CB7-91B3-B04C875FFE1A}.Debug|x64.ActiveCfg = Debug|x64
		{885DF4F4-7BA6-4CB7-91B3-B04C875FFE1A}.Debug|x64.Build.0 = Debug|x64
		{8FC94B76-7A90-4A85-8F07-0EE0704CB31D}.Debug|x64.ActiveCfg = Debug|x64
		{8FC94B76-7A90-4A85-8F07-0EE0704CB31D}.Debug|x64.Build.0 = Debug|x64
		{7AA36394-F172-483E-827B-23C35DA16F13}.Debug|x64.ActiveCfg = Debug|x64
		{7AA36394-F172-483E-827B-23C35DA16F13}.Debug|x64.Build.0 = Debug|x64
		{B388808C-7E6A-48AA-9CD7-FD80F413AEBE}.Debug|x64.ActiveCfg = Debug|x64
		{B388808C-7E6A-48AA-9CD7-FD80F413AEBE}.Debug|x64.Build.0 = Debug|x64
	EndGlobalSection
	GlobalSection(SolutionProperties) = preSolution
		HideSolutionNode = FALSE
	EndGlobalSection
	GlobalSection(ExtensibilityGlobals) = postSolution
		SolutionGuid = {E4A8EF80-8493-43F4-956F-3AEBFD781723}
	EndGlobalSection
EndGlobal
