
Microsoft Visual Studio Solution File, Format Version 12.00
# Visual Studio Version 17
VisualStudioVersion = 17.6.33815.320
MinimumVisualStudioVersion = 10.0.40219.1
Project("{FAE04EC0-301F-11D3-BF4B-00C04F79EFBC}") = "Hangar Control", "Scripts\Hangar Control.csproj", "{CE1AF11A-1204-41CE-A072-26096C5AE632}"
EndProject
Project("{FAE04EC0-301F-11D3-BF4B-00C04F79EFBC}") = "Airlock Control", "Airlock Control\Airlock Control.csproj", "{2A984B31-57A8-48C1-A5F3-7E9AEA1DA2BD}"
EndProject
Project("{D954291E-2A0B-460D-934E-DC6B0785DB48}") = "Shared", "Shared\Shared.shproj", "{36E7CDD6-BA1E-4255-9C58-1AF11538B628}"
EndProject
Project("{FAE04EC0-301F-11D3-BF4B-00C04F79EFBC}") = "Gun Battery Control", "Gun Battery Control\Gun Battery Control.csproj", "{885DF4F4-7BA6-4CB7-91B3-B04C875FFE1A}"
EndProject
Project("{FAE04EC0-301F-11D3-BF4B-00C04F79EFBC}") = "Tools", "Tools\Tools.csproj", "{B388808C-7E6A-48AA-9CD7-FD80F413AEBE}"
EndProject
Project("{FAE04EC0-301F-11D3-BF4B-00C04F79EFBC}") = "Threat Detection", "Threat Detection\Threat Detection.csproj", "{57AA2389-E10F-4B23-BFAD-56B71054D3B7}"
EndProject
Project("{FAE04EC0-301F-11D3-BF4B-00C04F79EFBC}") = "Inventory", "Inventory\Inventory.csproj", "{CCCF5407-71EC-4120-B5B2-9B18905AC3AD}"
EndProject
Global
	GlobalSection(SolutionConfigurationPlatforms) = preSolution
		Debug|x64 = Debug|x64
	EndGlobalSection
	GlobalSection(ProjectConfigurationPlatforms) = postSolution
		{CE1AF11A-1204-41CE-A072-26096C5AE632}.Debug|x64.ActiveCfg = Debug|x64
		{CE1AF11A-1204-41CE-A072-26096C5AE632}.Debug|x64.Build.0 = Debug|x64
		{2A984B31-57A8-48C1-A5F3-7E9AEA1DA2BD}.Debug|x64.ActiveCfg = Debug|x64
		{2A984B31-57A8-48C1-A5F3-7E9AEA1DA2BD}.Debug|x64.Build.0 = Debug|x64
		{885DF4F4-7BA6-4CB7-91B3-B04C875FFE1A}.Debug|x64.ActiveCfg = Debug|x64
		{885DF4F4-7BA6-4CB7-91B3-B04C875FFE1A}.Debug|x64.Build.0 = Debug|x64
		{B388808C-7E6A-48AA-9CD7-FD80F413AEBE}.Debug|x64.ActiveCfg = Debug|x64
		{B388808C-7E6A-48AA-9CD7-FD80F413AEBE}.Debug|x64.Build.0 = Debug|x64
		{57AA2389-E10F-4B23-BFAD-56B71054D3B7}.Debug|x64.ActiveCfg = Debug|x64
		{57AA2389-E10F-4B23-BFAD-56B71054D3B7}.Debug|x64.Build.0 = Debug|x64
		{CCCF5407-71EC-4120-B5B2-9B18905AC3AD}.Debug|x64.ActiveCfg = Debug|x64
		{CCCF5407-71EC-4120-B5B2-9B18905AC3AD}.Debug|x64.Build.0 = Debug|x64
	EndGlobalSection
	GlobalSection(SolutionProperties) = preSolution
		HideSolutionNode = FALSE
	EndGlobalSection
	GlobalSection(ExtensibilityGlobals) = postSolution
		SolutionGuid = {E4A8EF80-8493-43F4-956F-3AEBFD781723}
	EndGlobalSection
	GlobalSection(SharedMSBuildProjectFiles) = preSolution
		Shared\Shared.projitems*{2a984b31-57a8-48c1-a5f3-7e9aea1da2bd}*SharedItemsImports = 4
		Shared\Shared.projitems*{36e7cdd6-ba1e-4255-9c58-1af11538b628}*SharedItemsImports = 13
		Shared\Shared.projitems*{b388808c-7e6a-48aa-9cd7-fd80f413aebe}*SharedItemsImports = 4
		Shared\Shared.projitems*{cccf5407-71ec-4120-b5b2-9b18905ac3ad}*SharedItemsImports = 4
	EndGlobalSection
EndGlobal
